{
  "nodes": {
    "nixpkgs-master": {
      "locked": {
        "lastModified": 1686559540,
        "narHash": "sha256-jIx78waeEN0yFaBd4s/Hn/4VlUwuULaveEGnCXXktc8=",
        "owner": "NixOS",
        "repo": "nixpkgs",
        "rev": "fd884c7e01dc814fdb15b6241f760223f5bb47e7",
        "type": "github"
      },
      "original": {
        "owner": "NixOS",
        "ref": "master",
        "repo": "nixpkgs",
        "type": "github"
      }
    },
    "root": {
      "inputs": {
        "nixpkgs-master": "nixpkgs-master"
      }
    }
  },
  "root": "root",
  "version": 7
}
